
Microsoft Visual Studio Solution File, Format Version 12.00
# Visual Studio Version 17
VisualStudioVersion = 17.5.002.0
MinimumVisualStudioVersion = 10.0.40219.1
Project("{9A19103F-16F7-4668-BE54-9A1E7A4F7556}") = "InterestIsInteresting", "InterestIsInteresting.csproj", "{218172F3-D3EA-4A0B-9F9F-73909943F2A2}"
EndProject
Global
	GlobalSection(SolutionConfigurationPlatforms) = preSolution
		Debug|Any CPU = Debug|Any CPU
		Release|Any CPU = Release|Any CPU
	EndGlobalSection
	GlobalSection(ProjectConfigurationPlatforms) = postSolution
		{218172F3-D3EA-4A0B-9F9F-73909943F2A2}.Debug|Any CPU.ActiveCfg = Debug|Any CPU
		{218172F3-D3EA-4A0B-9F9F-73909943F2A2}.Debug|Any CPU.Build.0 = Debug|Any CPU
		{218172F3-D3EA-4A0B-9F9F-73909943F2A2}.Release|Any CPU.ActiveCfg = Release|Any CPU
		{218172F3-D3EA-4A0B-9F9F-73909943F2A2}.Release|Any CPU.Build.0 = Release|Any CPU
	EndGlobalSection
	GlobalSection(SolutionProperties) = preSolution
		HideSolutionNode = FALSE
	EndGlobalSection
	GlobalSection(ExtensibilityGlobals) = postSolution
		SolutionGuid = {C93AE38B-6C47-49F2-974D-8089497698B3}
	EndGlobalSection
EndGlobal
