
Microsoft Visual Studio Solution File, Format Version 12.00
# Visual Studio Version 17
VisualStudioVersion = 17.5.002.0
MinimumVisualStudioVersion = 10.0.40219.1
Project("{9A19103F-16F7-4668-BE54-9A1E7A4F7556}") = "BinarySearch", "BinarySearch.csproj", "{C365077D-C021-4B0F-8827-88372B4E6775}"
EndProject
Global
	GlobalSection(SolutionConfigurationPlatforms) = preSolution
		Debug|Any CPU = Debug|Any CPU
		Release|Any CPU = Release|Any CPU
	EndGlobalSection
	GlobalSection(ProjectConfigurationPlatforms) = postSolution
		{C365077D-C021-4B0F-8827-88372B4E6775}.Debug|Any CPU.ActiveCfg = Debug|Any CPU
		{C365077D-C021-4B0F-8827-88372B4E6775}.Debug|Any CPU.Build.0 = Debug|Any CPU
		{C365077D-C021-4B0F-8827-88372B4E6775}.Release|Any CPU.ActiveCfg = Release|Any CPU
		{C365077D-C021-4B0F-8827-88372B4E6775}.Release|Any CPU.Build.0 = Release|Any CPU
	EndGlobalSection
	GlobalSection(SolutionProperties) = preSolution
		HideSolutionNode = FALSE
	EndGlobalSection
	GlobalSection(ExtensibilityGlobals) = postSolution
		SolutionGuid = {E0C4A52A-58C0-4593-B715-8124B56D04D5}
	EndGlobalSection
EndGlobal
